
Microsoft Visual Studio Solution File, Format Version 12.00
# Visual Studio 15
VisualStudioVersion = 15.0.28010.2048
MinimumVisualStudioVersion = 10.0.40219.1
Project("{FAE04EC0-301F-11D3-BF4B-00C04F79EFBC}") = "Logging", "Logging\Logging.csproj", "{7DCFEEE8-2F06-4813-A242-096C04C141A0}"
EndProject
Project("{FAE04EC0-301F-11D3-BF4B-00C04F79EFBC}") = "Tracing", "Tracing\Tracing.csproj", "{4604FFE2-2436-43A4-A109-1635D296BBAA}"
EndProject
Global
	GlobalSection(SolutionConfigurationPlatforms) = preSolution
		Debug|Any CPU = Debug|Any CPU
		Release|Any CPU = Release|Any CPU
	EndGlobalSection
	GlobalSection(ProjectConfigurationPlatforms) = postSolution
		{7DCFEEE8-2F06-4813-A242-096C04C141A0}.Debug|Any CPU.ActiveCfg = Debug|Any CPU
		{7DCFEEE8-2F06-4813-A242-096C04C141A0}.Debug|Any CPU.Build.0 = Debug|Any CPU
		{7DCFEEE8-2F06-4813-A242-096C04C141A0}.Release|Any CPU.ActiveCfg = Release|Any CPU
		{7DCFEEE8-2F06-4813-A242-096C04C141A0}.Release|Any CPU.Build.0 = Release|Any CPU
		{4604FFE2-2436-43A4-A109-1635D296BBAA}.Debug|Any CPU.ActiveCfg = Debug|Any CPU
		{4604FFE2-2436-43A4-A109-1635D296BBAA}.Debug|Any CPU.Build.0 = Debug|Any CPU
		{4604FFE2-2436-43A4-A109-1635D296BBAA}.Release|Any CPU.ActiveCfg = Release|Any CPU
		{4604FFE2-2436-43A4-A109-1635D296BBAA}.Release|Any CPU.Build.0 = Release|Any CPU
	EndGlobalSection
	GlobalSection(SolutionProperties) = preSolution
		HideSolutionNode = FALSE
	EndGlobalSection
	GlobalSection(ExtensibilityGlobals) = postSolution
		SolutionGuid = {8E3E406D-D7BB-4106-B6B1-5D14FB8733E9}
	EndGlobalSection
EndGlobal
